
Microsoft Visual Studio Solution File, Format Version 12.00
# Visual Studio Version 17
VisualStudioVersion = 17.5.002.0
MinimumVisualStudioVersion = 10.0.40219.1
Project("{9A19103F-16F7-4668-BE54-9A1E7A4F7556}") = "WordCounter", "WordCounter.csproj", "{660AF9C1-946C-488C-BF88-472C86AEA03C}"
EndProject
Global
	GlobalSection(SolutionConfigurationPlatforms) = preSolution
		Debug|Any CPU = Debug|Any CPU
		Release|Any CPU = Release|Any CPU
	EndGlobalSection
	GlobalSection(ProjectConfigurationPlatforms) = postSolution
		{660AF9C1-946C-488C-BF88-472C86AEA03C}.Debug|Any CPU.ActiveCfg = Debug|Any CPU
		{660AF9C1-946C-488C-BF88-472C86AEA03C}.Debug|Any CPU.Build.0 = Debug|Any CPU
		{660AF9C1-946C-488C-BF88-472C86AEA03C}.Release|Any CPU.ActiveCfg = Release|Any CPU
		{660AF9C1-946C-488C-BF88-472C86AEA03C}.Release|Any CPU.Build.0 = Release|Any CPU
	EndGlobalSection
	GlobalSection(SolutionProperties) = preSolution
		HideSolutionNode = FALSE
	EndGlobalSection
	GlobalSection(ExtensibilityGlobals) = postSolution
		SolutionGuid = {BE53EC2A-F83A-4FC8-8B5E-B764C18C1F08}
	EndGlobalSection
EndGlobal
